
Microsoft Visual Studio Solution File, Format Version 12.00
# Visual Studio Version 16
VisualStudioVersion = 16.0.30011.22
MinimumVisualStudioVersion = 10.0.40219.1
Project("{9A19103F-16F7-4668-BE54-9A1E7A4F7556}") = "PlayerData", "PlayerData\PlayerData.csproj", "{84CD71A1-7E10-45A5-AB92-FC37D12FF8A7}"
EndProject
Project("{9A19103F-16F7-4668-BE54-9A1E7A4F7556}") = "GuildData", "GuildData\GuildData.csproj", "{93D49698-D57C-423E-9198-F88CB4FAC5FB}"
EndProject
Project("{9A19103F-16F7-4668-BE54-9A1E7A4F7556}") = "GuildChat", "GuildChat\GuildChat.csproj", "{B67705F1-8752-43C7-A2EA-025EAA01C836}"
EndProject
Project("{9A19103F-16F7-4668-BE54-9A1E7A4F7556}") = "GameException", "GameException\GameException.csproj", "{9CECDD91-5749-49AD-856F-52160D79EA65}"
EndProject
Project("{9A19103F-16F7-4668-BE54-9A1E7A4F7556}") = "ChatExample", "ChatExample\ChatExample.csproj", "{BED5BC2B-9BC4-4FE2-AF68-6057D2799444}"
EndProject
Project("{FAE04EC0-301F-11D3-BF4B-00C04F79EFBC}") = "GameModels", "GameModels\GameModels.csproj", "{72955360-2231-4FC4-9FB3-1628C20B0EDE}"
EndProject
Project("{FAE04EC0-301F-11D3-BF4B-00C04F79EFBC}") = "GameServices", "GameServices\GameServices.csproj", "{8E676D86-CFBC-4D32-BCC1-122EB116E3E2}"
EndProject
Global
	GlobalSection(SolutionConfigurationPlatforms) = preSolution
		Debug|Any CPU = Debug|Any CPU
		Debug|ARM = Debug|ARM
		Debug|ARM64 = Debug|ARM64
		Debug|x64 = Debug|x64
		Debug|x86 = Debug|x86
		Release|Any CPU = Release|Any CPU
		Release|ARM = Release|ARM
		Release|ARM64 = Release|ARM64
		Release|x64 = Release|x64
		Release|x86 = Release|x86
	EndGlobalSection
	GlobalSection(ProjectConfigurationPlatforms) = postSolution
		{84CD71A1-7E10-45A5-AB92-FC37D12FF8A7}.Debug|Any CPU.ActiveCfg = Debug|Any CPU
		{84CD71A1-7E10-45A5-AB92-FC37D12FF8A7}.Debug|Any CPU.Build.0 = Debug|Any CPU
		{84CD71A1-7E10-45A5-AB92-FC37D12FF8A7}.Debug|ARM.ActiveCfg = Debug|Any CPU
		{84CD71A1-7E10-45A5-AB92-FC37D12FF8A7}.Debug|ARM.Build.0 = Debug|Any CPU
		{84CD71A1-7E10-45A5-AB92-FC37D12FF8A7}.Debug|ARM64.ActiveCfg = Debug|Any CPU
		{84CD71A1-7E10-45A5-AB92-FC37D12FF8A7}.Debug|ARM64.Build.0 = Debug|Any CPU
		{84CD71A1-7E10-45A5-AB92-FC37D12FF8A7}.Debug|x64.ActiveCfg = Debug|Any CPU
		{84CD71A1-7E10-45A5-AB92-FC37D12FF8A7}.Debug|x64.Build.0 = Debug|Any CPU
		{84CD71A1-7E10-45A5-AB92-FC37D12FF8A7}.Debug|x86.ActiveCfg = Debug|Any CPU
		{84CD71A1-7E10-45A5-AB92-FC37D12FF8A7}.Debug|x86.Build.0 = Debug|Any CPU
		{84CD71A1-7E10-45A5-AB92-FC37D12FF8A7}.Release|Any CPU.ActiveCfg = Release|Any CPU
		{84CD71A1-7E10-45A5-AB92-FC37D12FF8A7}.Release|Any CPU.Build.0 = Release|Any CPU
		{84CD71A1-7E10-45A5-AB92-FC37D12FF8A7}.Release|ARM.ActiveCfg = Release|Any CPU
		{84CD71A1-7E10-45A5-AB92-FC37D12FF8A7}.Release|ARM.Build.0 = Release|Any CPU
		{84CD71A1-7E10-45A5-AB92-FC37D12FF8A7}.Release|ARM64.ActiveCfg = Release|Any CPU
		{84CD71A1-7E10-45A5-AB92-FC37D12FF8A7}.Release|ARM64.Build.0 = Release|Any CPU
		{84CD71A1-7E10-45A5-AB92-FC37D12FF8A7}.Release|x64.ActiveCfg = Release|Any CPU
		{84CD71A1-7E10-45A5-AB92-FC37D12FF8A7}.Release|x64.Build.0 = Release|Any CPU
		{84CD71A1-7E10-45A5-AB92-FC37D12FF8A7}.Release|x86.ActiveCfg = Release|Any CPU
		{84CD71A1-7E10-45A5-AB92-FC37D12FF8A7}.Release|x86.Build.0 = Release|Any CPU
		{93D49698-D57C-423E-9198-F88CB4FAC5FB}.Debug|Any CPU.ActiveCfg = Debug|Any CPU
		{93D49698-D57C-423E-9198-F88CB4FAC5FB}.Debug|Any CPU.Build.0 = Debug|Any CPU
		{93D49698-D57C-423E-9198-F88CB4FAC5FB}.Debug|ARM.ActiveCfg = Debug|Any CPU
		{93D49698-D57C-423E-9198-F88CB4FAC5FB}.Debug|ARM.Build.0 = Debug|Any CPU
		{93D49698-D57C-423E-9198-F88CB4FAC5FB}.Debug|ARM64.ActiveCfg = Debug|Any CPU
		{93D49698-D57C-423E-9198-F88CB4FAC5FB}.Debug|ARM64.Build.0 = Debug|Any CPU
		{93D49698-D57C-423E-9198-F88CB4FAC5FB}.Debug|x64.ActiveCfg = Debug|Any CPU
		{93D49698-D57C-423E-9198-F88CB4FAC5FB}.Debug|x64.Build.0 = Debug|Any CPU
		{93D49698-D57C-423E-9198-F88CB4FAC5FB}.Debug|x86.ActiveCfg = Debug|Any CPU
		{93D49698-D57C-423E-9198-F88CB4FAC5FB}.Debug|x86.Build.0 = Debug|Any CPU
		{93D49698-D57C-423E-9198-F88CB4FAC5FB}.Release|Any CPU.ActiveCfg = Release|Any CPU
		{93D49698-D57C-423E-9198-F88CB4FAC5FB}.Release|Any CPU.Build.0 = Release|Any CPU
		{93D49698-D57C-423E-9198-F88CB4FAC5FB}.Release|ARM.ActiveCfg = Release|Any CPU
		{93D49698-D57C-423E-9198-F88CB4FAC5FB}.Release|ARM.Build.0 = Release|Any CPU
		{93D49698-D57C-423E-9198-F88CB4FAC5FB}.Release|ARM64.ActiveCfg = Release|Any CPU
		{93D49698-D57C-423E-9198-F88CB4FAC5FB}.Release|ARM64.Build.0 = Release|Any CPU
		{93D49698-D57C-423E-9198-F88CB4FAC5FB}.Release|x64.ActiveCfg = Release|Any CPU
		{93D49698-D57C-423E-9198-F88CB4FAC5FB}.Release|x64.Build.0 = Release|Any CPU
		{93D49698-D57C-423E-9198-F88CB4FAC5FB}.Release|x86.ActiveCfg = Release|Any CPU
		{93D49698-D57C-423E-9198-F88CB4FAC5FB}.Release|x86.Build.0 = Release|Any CPU
		{B67705F1-8752-43C7-A2EA-025EAA01C836}.Debug|Any CPU.ActiveCfg = Debug|Any CPU
		{B67705F1-8752-43C7-A2EA-025EAA01C836}.Debug|Any CPU.Build.0 = Debug|Any CPU
		{B67705F1-8752-43C7-A2EA-025EAA01C836}.Debug|ARM.ActiveCfg = Debug|Any CPU
		{B67705F1-8752-43C7-A2EA-025EAA01C836}.Debug|ARM.Build.0 = Debug|Any CPU
		{B67705F1-8752-43C7-A2EA-025EAA01C836}.Debug|ARM64.ActiveCfg = Debug|Any CPU
		{B67705F1-8752-43C7-A2EA-025EAA01C836}.Debug|ARM64.Build.0 = Debug|Any CPU
		{B67705F1-8752-43C7-A2EA-025EAA01C836}.Debug|x64.ActiveCfg = Debug|Any CPU
		{B67705F1-8752-43C7-A2EA-025EAA01C836}.Debug|x64.Build.0 = Debug|Any CPU
		{B67705F1-8752-43C7-A2EA-025EAA01C836}.Debug|x86.ActiveCfg = Debug|Any CPU
		{B67705F1-8752-43C7-A2EA-025EAA01C836}.Debug|x86.Build.0 = Debug|Any CPU
		{B67705F1-8752-43C7-A2EA-025EAA01C836}.Release|Any CPU.ActiveCfg = Release|Any CPU
		{B67705F1-8752-43C7-A2EA-025EAA01C836}.Release|Any CPU.Build.0 = Release|Any CPU
		{B67705F1-8752-43C7-A2EA-025EAA01C836}.Release|ARM.ActiveCfg = Release|Any CPU
		{B67705F1-8752-43C7-A2EA-025EAA01C836}.Release|ARM.Build.0 = Release|Any CPU
		{B67705F1-8752-43C7-A2EA-025EAA01C836}.Release|ARM64.ActiveCfg = Release|Any CPU
		{B67705F1-8752-43C7-A2EA-025EAA01C836}.Release|ARM64.Build.0 = Release|Any CPU
		{B67705F1-8752-43C7-A2EA-025EAA01C836}.Release|x64.ActiveCfg = Release|Any CPU
		{B67705F1-8752-43C7-A2EA-025EAA01C836}.Release|x64.Build.0 = Release|Any CPU
		{B67705F1-8752-43C7-A2EA-025EAA01C836}.Release|x86.ActiveCfg = Release|Any CPU
		{B67705F1-8752-43C7-A2EA-025EAA01C836}.Release|x86.Build.0 = Release|Any CPU
		{9CECDD91-5749-49AD-856F-52160D79EA65}.Debug|Any CPU.ActiveCfg = Debug|Any CPU
		{9CECDD91-5749-49AD-856F-52160D79EA65}.Debug|Any CPU.Build.0 = Debug|Any CPU
		{9CECDD91-5749-49AD-856F-52160D79EA65}.Debug|ARM.ActiveCfg = Debug|Any CPU
		{9CECDD91-5749-49AD-856F-52160D79EA65}.Debug|ARM.Build.0 = Debug|Any CPU
		{9CECDD91-5749-49AD-856F-52160D79EA65}.Debug|ARM64.ActiveCfg = Debug|Any CPU
		{9CECDD91-5749-49AD-856F-52160D79EA65}.Debug|ARM64.Build.0 = Debug|Any CPU
		{9CECDD91-5749-49AD-856F-52160D79EA65}.Debug|x64.ActiveCfg = Debug|Any CPU
		{9CECDD91-5749-49AD-856F-52160D79EA65}.Debug|x64.Build.0 = Debug|Any CPU
		{9CECDD91-5749-49AD-856F-52160D79EA65}.Debug|x86.ActiveCfg = Debug|Any CPU
		{9CECDD91-5749-49AD-856F-52160D79EA65}.Debug|x86.Build.0 = Debug|Any CPU
		{9CECDD91-5749-49AD-856F-52160D79EA65}.Release|Any CPU.ActiveCfg = Release|Any CPU
		{9CECDD91-5749-49AD-856F-52160D79EA65}.Release|Any CPU.Build.0 = Release|Any CPU
		{9CECDD91-5749-49AD-856F-52160D79EA65}.Release|ARM.ActiveCfg = Release|Any CPU
		{9CECDD91-5749-49AD-856F-52160D79EA65}.Release|ARM.Build.0 = Release|Any CPU
		{9CECDD91-5749-49AD-856F-52160D79EA65}.Release|ARM64.ActiveCfg = Release|Any CPU
		{9CECDD91-5749-49AD-856F-52160D79EA65}.Release|ARM64.Build.0 = Release|Any CPU
		{9CECDD91-5749-49AD-856F-52160D79EA65}.Release|x64.ActiveCfg = Release|Any CPU
		{9CECDD91-5749-49AD-856F-52160D79EA65}.Release|x64.Build.0 = Release|Any CPU
		{9CECDD91-5749-49AD-856F-52160D79EA65}.Release|x86.ActiveCfg = Release|Any CPU
		{9CECDD91-5749-49AD-856F-52160D79EA65}.Release|x86.Build.0 = Release|Any CPU
		{BED5BC2B-9BC4-4FE2-AF68-6057D2799444}.Debug|Any CPU.ActiveCfg = Debug|Any CPU
		{BED5BC2B-9BC4-4FE2-AF68-6057D2799444}.Debug|Any CPU.Build.0 = Debug|Any CPU
		{BED5BC2B-9BC4-4FE2-AF68-6057D2799444}.Debug|ARM.ActiveCfg = Debug|Any CPU
		{BED5BC2B-9BC4-4FE2-AF68-6057D2799444}.Debug|ARM.Build.0 = Debug|Any CPU
		{BED5BC2B-9BC4-4FE2-AF68-6057D2799444}.Debug|ARM64.ActiveCfg = Debug|Any CPU
		{BED5BC2B-9BC4-4FE2-AF68-6057D2799444}.Debug|ARM64.Build.0 = Debug|Any CPU
		{BED5BC2B-9BC4-4FE2-AF68-6057D2799444}.Debug|x64.ActiveCfg = Debug|Any CPU
		{BED5BC2B-9BC4-4FE2-AF68-6057D2799444}.Debug|x64.Build.0 = Debug|Any CPU
		{BED5BC2B-9BC4-4FE2-AF68-6057D2799444}.Debug|x86.ActiveCfg = Debug|Any CPU
		{BED5BC2B-9BC4-4FE2-AF68-6057D2799444}.Debug|x86.Build.0 = Debug|Any CPU
		{BED5BC2B-9BC4-4FE2-AF68-6057D2799444}.Release|Any CPU.ActiveCfg = Release|Any CPU
		{BED5BC2B-9BC4-4FE2-AF68-6057D2799444}.Release|Any CPU.Build.0 = Release|Any CPU
		{BED5BC2B-9BC4-4FE2-AF68-6057D2799444}.Release|ARM.ActiveCfg = Release|Any CPU
		{BED5BC2B-9BC4-4FE2-AF68-6057D2799444}.Release|ARM.Build.0 = Release|Any CPU
		{BED5BC2B-9BC4-4FE2-AF68-6057D2799444}.Release|ARM64.ActiveCfg = Release|Any CPU
		{BED5BC2B-9BC4-4FE2-AF68-6057D2799444}.Release|ARM64.Build.0 = Release|Any CPU
		{BED5BC2B-9BC4-4FE2-AF68-6057D2799444}.Release|x64.ActiveCfg = Release|Any CPU
		{BED5BC2B-9BC4-4FE2-AF68-6057D2799444}.Release|x64.Build.0 = Release|Any CPU
		{BED5BC2B-9BC4-4FE2-AF68-6057D2799444}.Release|x86.ActiveCfg = Release|Any CPU
		{BED5BC2B-9BC4-4FE2-AF68-6057D2799444}.Release|x86.Build.0 = Release|Any CPU
		{72955360-2231-4FC4-9FB3-1628C20B0EDE}.Debug|Any CPU.ActiveCfg = Debug|Any CPU
		{72955360-2231-4FC4-9FB3-1628C20B0EDE}.Debug|Any CPU.Build.0 = Debug|Any CPU
		{72955360-2231-4FC4-9FB3-1628C20B0EDE}.Debug|ARM.ActiveCfg = Debug|Any CPU
		{72955360-2231-4FC4-9FB3-1628C20B0EDE}.Debug|ARM.Build.0 = Debug|Any CPU
		{72955360-2231-4FC4-9FB3-1628C20B0EDE}.Debug|ARM64.ActiveCfg = Debug|Any CPU
		{72955360-2231-4FC4-9FB3-1628C20B0EDE}.Debug|ARM64.Build.0 = Debug|Any CPU
		{72955360-2231-4FC4-9FB3-1628C20B0EDE}.Debug|x64.ActiveCfg = Debug|Any CPU
		{72955360-2231-4FC4-9FB3-1628C20B0EDE}.Debug|x64.Build.0 = Debug|Any CPU
		{72955360-2231-4FC4-9FB3-1628C20B0EDE}.Debug|x86.ActiveCfg = Debug|Any CPU
		{72955360-2231-4FC4-9FB3-1628C20B0EDE}.Debug|x86.Build.0 = Debug|Any CPU
		{72955360-2231-4FC4-9FB3-1628C20B0EDE}.Release|Any CPU.ActiveCfg = Release|Any CPU
		{72955360-2231-4FC4-9FB3-1628C20B0EDE}.Release|Any CPU.Build.0 = Release|Any CPU
		{72955360-2231-4FC4-9FB3-1628C20B0EDE}.Release|ARM.ActiveCfg = Release|Any CPU
		{72955360-2231-4FC4-9FB3-1628C20B0EDE}.Release|ARM.Build.0 = Release|Any CPU
		{72955360-2231-4FC4-9FB3-1628C20B0EDE}.Release|ARM64.ActiveCfg = Release|Any CPU
		{72955360-2231-4FC4-9FB3-1628C20B0EDE}.Release|ARM64.Build.0 = Release|Any CPU
		{72955360-2231-4FC4-9FB3-1628C20B0EDE}.Release|x64.ActiveCfg = Release|Any CPU
		{72955360-2231-4FC4-9FB3-1628C20B0EDE}.Release|x64.Build.0 = Release|Any CPU
		{72955360-2231-4FC4-9FB3-1628C20B0EDE}.Release|x86.ActiveCfg = Release|Any CPU
		{72955360-2231-4FC4-9FB3-1628C20B0EDE}.Release|x86.Build.0 = Release|Any CPU
		{8E676D86-CFBC-4D32-BCC1-122EB116E3E2}.Debug|Any CPU.ActiveCfg = Debug|Any CPU
		{8E676D86-CFBC-4D32-BCC1-122EB116E3E2}.Debug|Any CPU.Build.0 = Debug|Any CPU
		{8E676D86-CFBC-4D32-BCC1-122EB116E3E2}.Debug|ARM.ActiveCfg = Debug|Any CPU
		{8E676D86-CFBC-4D32-BCC1-122EB116E3E2}.Debug|ARM.Build.0 = Debug|Any CPU
		{8E676D86-CFBC-4D32-BCC1-122EB116E3E2}.Debug|ARM64.ActiveCfg = Debug|Any CPU
		{8E676D86-CFBC-4D32-BCC1-122EB116E3E2}.Debug|ARM64.Build.0 = Debug|Any CPU
		{8E676D86-CFBC-4D32-BCC1-122EB116E3E2}.Debug|x64.ActiveCfg = Debug|Any CPU
		{8E676D86-CFBC-4D32-BCC1-122EB116E3E2}.Debug|x64.Build.0 = Debug|Any CPU
		{8E676D86-CFBC-4D32-BCC1-122EB116E3E2}.Debug|x86.ActiveCfg = Debug|Any CPU
		{8E676D86-CFBC-4D32-BCC1-122EB116E3E2}.Debug|x86.Build.0 = Debug|Any CPU
		{8E676D86-CFBC-4D32-BCC1-122EB116E3E2}.Release|Any CPU.ActiveCfg = Release|Any CPU
		{8E676D86-CFBC-4D32-BCC1-122EB116E3E2}.Release|Any CPU.Build.0 = Release|Any CPU
		{8E676D86-CFBC-4D32-BCC1-122EB116E3E2}.Release|ARM.ActiveCfg = Release|Any CPU
		{8E676D86-CFBC-4D32-BCC1-122EB116E3E2}.Release|ARM.Build.0 = Release|Any CPU
		{8E676D86-CFBC-4D32-BCC1-122EB116E3E2}.Release|ARM64.ActiveCfg = Release|Any CPU
		{8E676D86-CFBC-4D32-BCC1-122EB116E3E2}.Release|ARM64.Build.0 = Release|Any CPU
		{8E676D86-CFBC-4D32-BCC1-122EB116E3E2}.Release|x64.ActiveCfg = Release|Any CPU
		{8E676D86-CFBC-4D32-BCC1-122EB116E3E2}.Release|x64.Build.0 = Release|Any CPU
		{8E676D86-CFBC-4D32-BCC1-122EB116E3E2}.Release|x86.ActiveCfg = Release|Any CPU
		{8E676D86-CFBC-4D32-BCC1-122EB116E3E2}.Release|x86.Build.0 = Release|Any CPU
	EndGlobalSection
	GlobalSection(SolutionProperties) = preSolution
		HideSolutionNode = FALSE
	EndGlobalSection
	GlobalSection(ExtensibilityGlobals) = postSolution
		SolutionGuid = {C2ACFC9D-66F4-4377-A751-481AA368F9BB}
	EndGlobalSection
EndGlobal
